// !$*UTF8*$!
{
	archiveVersion = 1;
	classes = {
	};
	objectVersion = 46;
	objects = {

/* Begin PBXBuildFile section */
		46E8899A1915414200A3F2DC /* blue_asset.png in Resources */ = {isa = PBXBuildFile; fileRef = 46E889931915414200A3F2DC /* blue_asset.png */; };
		46E8899B1915414200A3F2DC /* button_03_asset.png in Resources */ = {isa = PBXBuildFile; fileRef = 46E889941915414200A3F2DC /* button_03_asset.png */; };
		46E8899C1915414200A3F2DC /* green_asset.png in Resources */ = {isa = PBXBuildFile; fileRef = 46E889951915414200A3F2DC /* green_asset.png */; };
		46E8899D1915414200A3F2DC /* orange_asset.png in Resources */ = {isa = PBXBuildFile; fileRef = 46E889961915414200A3F2DC /* orange_asset.png */; };
		46E8899E1915414200A3F2DC /* pink_asset.png in Resources */ = {isa = PBXBuildFile; fileRef = 46E889971915414200A3F2DC /* pink_asset.png */; };
		46E8899F1915414200A3F2DC /* purple_asset.png in Resources */ = {isa = PBXBuildFile; fileRef = 46E889981915414200A3F2DC /* purple_asset.png */; };
		46E889A01915414200A3F2DC /* yellow_asset.png in Resources */ = {isa = PBXBuildFile; fileRef = 46E889991915414200A3F2DC /* yellow_asset.png */; };
		46E889A31915430900A3F2DC /* SettingsView.m in Sources */ = {isa = PBXBuildFile; fileRef = 46E889A21915430900A3F2DC /* SettingsView.m */; };
		D768598C1914BB9300ACCADA /* Foundation.framework in Frameworks */ = {isa = PBXBuildFile; fileRef = D768598B1914BB9300ACCADA /* Foundation.framework */; };
		D768598E1914BB9300ACCADA /* CoreGraphics.framework in Frameworks */ = {isa = PBXBuildFile; fileRef = D768598D1914BB9300ACCADA /* CoreGraphics.framework */; };
		D76859901914BB9300ACCADA /* UIKit.framework in Frameworks */ = {isa = PBXBuildFile; fileRef = D768598F1914BB9300ACCADA /* UIKit.framework */; };
		D76859961914BB9300ACCADA /* InfoPlist.strings in Resources */ = {isa = PBXBuildFile; fileRef = D76859941914BB9300ACCADA /* InfoPlist.strings */; };
		D76859981914BB9300ACCADA /* main.m in Sources */ = {isa = PBXBuildFile; fileRef = D76859971914BB9300ACCADA /* main.m */; };
		D768599C1914BB9300ACCADA /* BeaconAppDelegate.m in Sources */ = {isa = PBXBuildFile; fileRef = D768599B1914BB9300ACCADA /* BeaconAppDelegate.m */; };
		D768599F1914BB9300ACCADA /* Main.storyboard in Resources */ = {isa = PBXBuildFile; fileRef = D768599D1914BB9300ACCADA /* Main.storyboard */; };
		D76859A21914BB9300ACCADA /* BeaconViewController.m in Sources */ = {isa = PBXBuildFile; fileRef = D76859A11914BB9300ACCADA /* BeaconViewController.m */; };
		D76859A41914BB9300ACCADA /* Images.xcassets in Resources */ = {isa = PBXBuildFile; fileRef = D76859A31914BB9300ACCADA /* Images.xcassets */; };
		D76859AB1914BB9300ACCADA /* XCTest.framework in Frameworks */ = {isa = PBXBuildFile; fileRef = D76859AA1914BB9300ACCADA /* XCTest.framework */; };
		D76859AC1914BB9300ACCADA /* Foundation.framework in Frameworks */ = {isa = PBXBuildFile; fileRef = D768598B1914BB9300ACCADA /* Foundation.framework */; };
		D76859AD1914BB9300ACCADA /* UIKit.framework in Frameworks */ = {isa = PBXBuildFile; fileRef = D768598F1914BB9300ACCADA /* UIKit.framework */; };
		D76859B51914BB9300ACCADA /* InfoPlist.strings in Resources */ = {isa = PBXBuildFile; fileRef = D76859B31914BB9300ACCADA /* InfoPlist.strings */; };
		D76859B71914BB9300ACCADA /* beaconTests.m in Sources */ = {isa = PBXBuildFile; fileRef = D76859B61914BB9300ACCADA /* beaconTests.m */; };
		D76859C21914DA3B00ACCADA /* BeaconDefaults.m in Sources */ = {isa = PBXBuildFile; fileRef = D76859C11914DA3B00ACCADA /* BeaconDefaults.m */; };
		D76859C51914DB4200ACCADA /* BeaconCalibrationCalculator.m in Sources */ = {isa = PBXBuildFile; fileRef = D76859C41914DB4200ACCADA /* BeaconCalibrationCalculator.m */; };
		D76859C81914E5A000ACCADA /* BeaconMonitoringViewController.m in Sources */ = {isa = PBXBuildFile; fileRef = D76859C71914E5A000ACCADA /* BeaconMonitoringViewController.m */; };
/* End PBXBuildFile section */

/* Begin PBXContainerItemProxy section */
		D76859AE1914BB9300ACCADA /* PBXContainerItemProxy */ = {
			isa = PBXContainerItemProxy;
			containerPortal = D76859801914BB9300ACCADA /* Project object */;
			proxyType = 1;
			remoteGlobalIDString = D76859871914BB9300ACCADA;
			remoteInfo = beacon;
		};
/* End PBXContainerItemProxy section */

/* Begin PBXFileReference section */
		46E889931915414200A3F2DC /* blue_asset.png */ = {isa = PBXFileReference; lastKnownFileType = image.png; path = blue_asset.png; sourceTree = "<group>"; };
		46E889941915414200A3F2DC /* button_03_asset.png */ = {isa = PBXFileReference; lastKnownFileType = image.png; path = button_03_asset.png; sourceTree = "<group>"; };
		46E889951915414200A3F2DC /* green_asset.png */ = {isa = PBXFileReference; lastKnownFileType = image.png; path = green_asset.png; sourceTree = "<group>"; };
		46E889961915414200A3F2DC /* orange_asset.png */ = {isa = PBXFileReference; lastKnownFileType = image.png; path = orange_asset.png; sourceTree = "<group>"; };
		46E889971915414200A3F2DC /* pink_asset.png */ = {isa = PBXFileReference; lastKnownFileType = image.png; path = pink_asset.png; sourceTree = "<group>"; };
		46E889981915414200A3F2DC /* purple_asset.png */ = {isa = PBXFileReference; lastKnownFileType = image.png; path = purple_asset.png; sourceTree = "<group>"; };
		46E889991915414200A3F2DC /* yellow_asset.png */ = {isa = PBXFileReference; lastKnownFileType = image.png; path = yellow_asset.png; sourceTree = "<group>"; };
		46E889A11915430900A3F2DC /* SettingsView.h */ = {isa = PBXFileReference; fileEncoding = 4; lastKnownFileType = sourcecode.c.h; path = SettingsView.h; sourceTree = "<group>"; };
		46E889A21915430900A3F2DC /* SettingsView.m */ = {isa = PBXFileReference; fileEncoding = 4; lastKnownFileType = sourcecode.c.objc; path = SettingsView.m; sourceTree = "<group>"; };
		D76859881914BB9300ACCADA /* beacon.app */ = {isa = PBXFileReference; explicitFileType = wrapper.application; includeInIndex = 0; path = beacon.app; sourceTree = BUILT_PRODUCTS_DIR; };
		D768598B1914BB9300ACCADA /* Foundation.framework */ = {isa = PBXFileReference; lastKnownFileType = wrapper.framework; name = Foundation.framework; path = System/Library/Frameworks/Foundation.framework; sourceTree = SDKROOT; };
		D768598D1914BB9300ACCADA /* CoreGraphics.framework */ = {isa = PBXFileReference; lastKnownFileType = wrapper.framework; name = CoreGraphics.framework; path = System/Library/Frameworks/CoreGraphics.framework; sourceTree = SDKROOT; };
		D768598F1914BB9300ACCADA /* UIKit.framework */ = {isa = PBXFileReference; lastKnownFileType = wrapper.framework; name = UIKit.framework; path = System/Library/Frameworks/UIKit.framework; sourceTree = SDKROOT; };
		D76859931914BB9300ACCADA /* beacon-Info.plist */ = {isa = PBXFileReference; lastKnownFileType = text.plist.xml; path = "beacon-Info.plist"; sourceTree = "<group>"; };
		D76859951914BB9300ACCADA /* en */ = {isa = PBXFileReference; lastKnownFileType = text.plist.strings; name = en; path = en.lproj/InfoPlist.strings; sourceTree = "<group>"; };
		D76859971914BB9300ACCADA /* main.m */ = {isa = PBXFileReference; lastKnownFileType = sourcecode.c.objc; path = main.m; sourceTree = "<group>"; };
		D76859991914BB9300ACCADA /* beacon-Prefix.pch */ = {isa = PBXFileReference; lastKnownFileType = sourcecode.c.h; path = "beacon-Prefix.pch"; sourceTree = "<group>"; };
		D768599A1914BB9300ACCADA /* BeaconAppDelegate.h */ = {isa = PBXFileReference; lastKnownFileType = sourcecode.c.h; path = BeaconAppDelegate.h; sourceTree = "<group>"; };
		D768599B1914BB9300ACCADA /* BeaconAppDelegate.m */ = {isa = PBXFileReference; lastKnownFileType = sourcecode.c.objc; path = BeaconAppDelegate.m; sourceTree = "<group>"; };
		D768599E1914BB9300ACCADA /* Base */ = {isa = PBXFileReference; lastKnownFileType = file.storyboard; name = Base; path = Base.lproj/Main.storyboard; sourceTree = "<group>"; };
		D76859A01914BB9300ACCADA /* BeaconViewController.h */ = {isa = PBXFileReference; lastKnownFileType = sourcecode.c.h; path = BeaconViewController.h; sourceTree = "<group>"; };
		D76859A11914BB9300ACCADA /* BeaconViewController.m */ = {isa = PBXFileReference; lastKnownFileType = sourcecode.c.objc; path = BeaconViewController.m; sourceTree = "<group>"; };
		D76859A31914BB9300ACCADA /* Images.xcassets */ = {isa = PBXFileReference; lastKnownFileType = folder.assetcatalog; path = Images.xcassets; sourceTree = "<group>"; };
		D76859A91914BB9300ACCADA /* beaconTests.xctest */ = {isa = PBXFileReference; explicitFileType = wrapper.cfbundle; includeInIndex = 0; path = beaconTests.xctest; sourceTree = BUILT_PRODUCTS_DIR; };
		D76859AA1914BB9300ACCADA /* XCTest.framework */ = {isa = PBXFileReference; lastKnownFileType = wrapper.framework; name = XCTest.framework; path = Library/Frameworks/XCTest.framework; sourceTree = DEVELOPER_DIR; };
		D76859B21914BB9300ACCADA /* beaconTests-Info.plist */ = {isa = PBXFileReference; lastKnownFileType = text.plist.xml; path = "beaconTests-Info.plist"; sourceTree = "<group>"; };
		D76859B41914BB9300ACCADA /* en */ = {isa = PBXFileReference; lastKnownFileType = text.plist.strings; name = en; path = en.lproj/InfoPlist.strings; sourceTree = "<group>"; };
		D76859B61914BB9300ACCADA /* beaconTests.m */ = {isa = PBXFileReference; lastKnownFileType = sourcecode.c.objc; path = beaconTests.m; sourceTree = "<group>"; };
		D76859C01914DA3B00ACCADA /* BeaconDefaults.h */ = {isa = PBXFileReference; fileEncoding = 4; lastKnownFileType = sourcecode.c.h; path = BeaconDefaults.h; sourceTree = "<group>"; };
		D76859C11914DA3B00ACCADA /* BeaconDefaults.m */ = {isa = PBXFileReference; fileEncoding = 4; lastKnownFileType = sourcecode.c.objc; path = BeaconDefaults.m; sourceTree = "<group>"; };
		D76859C31914DB4200ACCADA /* BeaconCalibrationCalculator.h */ = {isa = PBXFileReference; fileEncoding = 4; lastKnownFileType = sourcecode.c.h; path = BeaconCalibrationCalculator.h; sourceTree = "<group>"; };
		D76859C41914DB4200ACCADA /* BeaconCalibrationCalculator.m */ = {isa = PBXFileReference; fileEncoding = 4; lastKnownFileType = sourcecode.c.objc; path = BeaconCalibrationCalculator.m; sourceTree = "<group>"; };
		D76859C61914E5A000ACCADA /* BeaconMonitoringViewController.h */ = {isa = PBXFileReference; fileEncoding = 4; lastKnownFileType = sourcecode.c.h; path = BeaconMonitoringViewController.h; sourceTree = "<group>"; };
		D76859C71914E5A000ACCADA /* BeaconMonitoringViewController.m */ = {isa = PBXFileReference; fileEncoding = 4; lastKnownFileType = sourcecode.c.objc; path = BeaconMonitoringViewController.m; sourceTree = "<group>"; };
/* End PBXFileReference section */

/* Begin PBXFrameworksBuildPhase section */
		D76859851914BB9300ACCADA /* Frameworks */ = {
			isa = PBXFrameworksBuildPhase;
			buildActionMask = 2147483647;
			files = (
				D768598E1914BB9300ACCADA /* CoreGraphics.framework in Frameworks */,
				D76859901914BB9300ACCADA /* UIKit.framework in Frameworks */,
				D768598C1914BB9300ACCADA /* Foundation.framework in Frameworks */,
			);
			runOnlyForDeploymentPostprocessing = 0;
		};
		D76859A61914BB9300ACCADA /* Frameworks */ = {
			isa = PBXFrameworksBuildPhase;
			buildActionMask = 2147483647;
			files = (
				D76859AB1914BB9300ACCADA /* XCTest.framework in Frameworks */,
				D76859AD1914BB9300ACCADA /* UIKit.framework in Frameworks */,
				D76859AC1914BB9300ACCADA /* Foundation.framework in Frameworks */,
			);
			runOnlyForDeploymentPostprocessing = 0;
		};
/* End PBXFrameworksBuildPhase section */

/* Begin PBXGroup section */
		D768597F1914BB9300ACCADA = {
			isa = PBXGroup;
			children = (
				D76859911914BB9300ACCADA /* beacon */,
				D76859B01914BB9300ACCADA /* beaconTests */,
				D768598A1914BB9300ACCADA /* Frameworks */,
				D76859891914BB9300ACCADA /* Products */,
			);
			sourceTree = "<group>";
		};
		D76859891914BB9300ACCADA /* Products */ = {
			isa = PBXGroup;
			children = (
				D76859881914BB9300ACCADA /* beacon.app */,
				D76859A91914BB9300ACCADA /* beaconTests.xctest */,
			);
			name = Products;
			sourceTree = "<group>";
		};
		D768598A1914BB9300ACCADA /* Frameworks */ = {
			isa = PBXGroup;
			children = (
				D768598B1914BB9300ACCADA /* Foundation.framework */,
				D768598D1914BB9300ACCADA /* CoreGraphics.framework */,
				D768598F1914BB9300ACCADA /* UIKit.framework */,
				D76859AA1914BB9300ACCADA /* XCTest.framework */,
			);
			name = Frameworks;
			sourceTree = "<group>";
		};
		D76859911914BB9300ACCADA /* beacon */ = {
			isa = PBXGroup;
			children = (
				46E889931915414200A3F2DC /* blue_asset.png */,
				46E889941915414200A3F2DC /* button_03_asset.png */,
				46E889951915414200A3F2DC /* green_asset.png */,
				46E889961915414200A3F2DC /* orange_asset.png */,
				46E889971915414200A3F2DC /* pink_asset.png */,
				46E889981915414200A3F2DC /* purple_asset.png */,
				46E889991915414200A3F2DC /* yellow_asset.png */,
				D768599A1914BB9300ACCADA /* BeaconAppDelegate.h */,
				D768599B1914BB9300ACCADA /* BeaconAppDelegate.m */,
				D76859C31914DB4200ACCADA /* BeaconCalibrationCalculator.h */,
				D76859C41914DB4200ACCADA /* BeaconCalibrationCalculator.m */,
				D76859C61914E5A000ACCADA /* BeaconMonitoringViewController.h */,
				D76859C71914E5A000ACCADA /* BeaconMonitoringViewController.m */,
				D76859C01914DA3B00ACCADA /* BeaconDefaults.h */,
				D76859C11914DA3B00ACCADA /* BeaconDefaults.m */,
				D768599D1914BB9300ACCADA /* Main.storyboard */,
				D76859A01914BB9300ACCADA /* BeaconViewController.h */,
				46E889A11915430900A3F2DC /* SettingsView.h */,
				46E889A21915430900A3F2DC /* SettingsView.m */,
				D76859A11914BB9300ACCADA /* BeaconViewController.m */,
				D76859A31914BB9300ACCADA /* Images.xcassets */,
				D76859921914BB9300ACCADA /* Supporting Files */,
			);
			path = beacon;
			sourceTree = "<group>";
		};
		D76859921914BB9300ACCADA /* Supporting Files */ = {
			isa = PBXGroup;
			children = (
				D76859931914BB9300ACCADA /* beacon-Info.plist */,
				D76859941914BB9300ACCADA /* InfoPlist.strings */,
				D76859971914BB9300ACCADA /* main.m */,
				D76859991914BB9300ACCADA /* beacon-Prefix.pch */,
			);
			name = "Supporting Files";
			sourceTree = "<group>";
		};
		D76859B01914BB9300ACCADA /* beaconTests */ = {
			isa = PBXGroup;
			children = (
				D76859B61914BB9300ACCADA /* beaconTests.m */,
				D76859B11914BB9300ACCADA /* Supporting Files */,
			);
			path = beaconTests;
			sourceTree = "<group>";
		};
		D76859B11914BB9300ACCADA /* Supporting Files */ = {
			isa = PBXGroup;
			children = (
				D76859B21914BB9300ACCADA /* beaconTests-Info.plist */,
				D76859B31914BB9300ACCADA /* InfoPlist.strings */,
			);
			name = "Supporting Files";
			sourceTree = "<group>";
		};
/* End PBXGroup section */

/* Begin PBXNativeTarget section */
		D76859871914BB9300ACCADA /* beacon */ = {
			isa = PBXNativeTarget;
			buildConfigurationList = D76859BA1914BB9300ACCADA /* Build configuration list for PBXNativeTarget "beacon" */;
			buildPhases = (
				D76859841914BB9300ACCADA /* Sources */,
				D76859851914BB9300ACCADA /* Frameworks */,
				D76859861914BB9300ACCADA /* Resources */,
			);
			buildRules = (
			);
			dependencies = (
			);
			name = beacon;
			productName = beacon;
			productReference = D76859881914BB9300ACCADA /* beacon.app */;
			productType = "com.apple.product-type.application";
		};
		D76859A81914BB9300ACCADA /* beaconTests */ = {
			isa = PBXNativeTarget;
			buildConfigurationList = D76859BD1914BB9300ACCADA /* Build configuration list for PBXNativeTarget "beaconTests" */;
			buildPhases = (
				D76859A51914BB9300ACCADA /* Sources */,
				D76859A61914BB9300ACCADA /* Frameworks */,
				D76859A71914BB9300ACCADA /* Resources */,
			);
			buildRules = (
			);
			dependencies = (
				D76859AF1914BB9300ACCADA /* PBXTargetDependency */,
			);
			name = beaconTests;
			productName = beaconTests;
			productReference = D76859A91914BB9300ACCADA /* beaconTests.xctest */;
			productType = "com.apple.product-type.bundle.unit-test";
		};
/* End PBXNativeTarget section */

/* Begin PBXProject section */
		D76859801914BB9300ACCADA /* Project object */ = {
			isa = PBXProject;
			attributes = {
				LastUpgradeCheck = 0510;
				ORGANIZATIONNAME = oslife;
				TargetAttributes = {
					D76859A81914BB9300ACCADA = {
						TestTargetID = D76859871914BB9300ACCADA;
					};
				};
			};
			buildConfigurationList = D76859831914BB9300ACCADA /* Build configuration list for PBXProject "beacon" */;
			compatibilityVersion = "Xcode 3.2";
			developmentRegion = English;
			hasScannedForEncodings = 0;
			knownRegions = (
				en,
				Base,
			);
			mainGroup = D768597F1914BB9300ACCADA;
			productRefGroup = D76859891914BB9300ACCADA /* Products */;
			projectDirPath = "";
			projectRoot = "";
			targets = (
				D76859871914BB9300ACCADA /* beacon */,
				D76859A81914BB9300ACCADA /* beaconTests */,
			);
		};
/* End PBXProject section */

/* Begin PBXResourcesBuildPhase section */
		D76859861914BB9300ACCADA /* Resources */ = {
			isa = PBXResourcesBuildPhase;
			buildActionMask = 2147483647;
			files = (
				46E8899A1915414200A3F2DC /* blue_asset.png in Resources */,
				D76859A41914BB9300ACCADA /* Images.xcassets in Resources */,
				46E8899E1915414200A3F2DC /* pink_asset.png in Resources */,
				D76859961914BB9300ACCADA /* InfoPlist.strings in Resources */,
				46E889A01915414200A3F2DC /* yellow_asset.png in Resources */,
				46E8899D1915414200A3F2DC /* orange_asset.png in Resources */,
				46E8899B1915414200A3F2DC /* button_03_asset.png in Resources */,
				46E8899C1915414200A3F2DC /* green_asset.png in Resources */,
				46E8899F1915414200A3F2DC /* purple_asset.png in Resources */,
				D768599F1914BB9300ACCADA /* Main.storyboard in Resources */,
			);
			runOnlyForDeploymentPostprocessing = 0;
		};
		D76859A71914BB9300ACCADA /* Resources */ = {
			isa = PBXResourcesBuildPhase;
			buildActionMask = 2147483647;
			files = (
				D76859B51914BB9300ACCADA /* InfoPlist.strings in Resources */,
			);
			runOnlyForDeploymentPostprocessing = 0;
		};
/* End PBXResourcesBuildPhase section */

/* Begin PBXSourcesBuildPhase section */
		D76859841914BB9300ACCADA /* Sources */ = {
			isa = PBXSourcesBuildPhase;
			buildActionMask = 2147483647;
			files = (
				D76859C81914E5A000ACCADA /* BeaconMonitoringViewController.m in Sources */,
				D76859C51914DB4200ACCADA /* BeaconCalibrationCalculator.m in Sources */,
				D76859A21914BB9300ACCADA /* BeaconViewController.m in Sources */,
				D76859C21914DA3B00ACCADA /* BeaconDefaults.m in Sources */,
				D768599C1914BB9300ACCADA /* BeaconAppDelegate.m in Sources */,
				D76859981914BB9300ACCADA /* main.m in Sources */,
				46E889A31915430900A3F2DC /* SettingsView.m in Sources */,
			);
			runOnlyForDeploymentPostprocessing = 0;
		};
		D76859A51914BB9300ACCADA /* Sources */ = {
			isa = PBXSourcesBuildPhase;
			buildActionMask = 2147483647;
			files = (
				D76859B71914BB9300ACCADA /* beaconTests.m in Sources */,
			);
			runOnlyForDeploymentPostprocessing = 0;
		};
/* End PBXSourcesBuildPhase section */

/* Begin PBXTargetDependency section */
		D76859AF1914BB9300ACCADA /* PBXTargetDependency */ = {
			isa = PBXTargetDependency;
			target = D76859871914BB9300ACCADA /* beacon */;
			targetProxy = D76859AE1914BB9300ACCADA /* PBXContainerItemProxy */;
		};
/* End PBXTargetDependency section */

/* Begin PBXVariantGroup section */
		D76859941914BB9300ACCADA /* InfoPlist.strings */ = {
			isa = PBXVariantGroup;
			children = (
				D76859951914BB9300ACCADA /* en */,
			);
			name = InfoPlist.strings;
			sourceTree = "<group>";
		};
		D768599D1914BB9300ACCADA /* Main.storyboard */ = {
			isa = PBXVariantGroup;
			children = (
				D768599E1914BB9300ACCADA /* Base */,
			);
			name = Main.storyboard;
			sourceTree = "<group>";
		};
		D76859B31914BB9300ACCADA /* InfoPlist.strings */ = {
			isa = PBXVariantGroup;
			children = (
				D76859B41914BB9300ACCADA /* en */,
			);
			name = InfoPlist.strings;
			sourceTree = "<group>";
		};
/* End PBXVariantGroup section */

/* Begin XCBuildConfiguration section */
		D76859B81914BB9300ACCADA /* Debug */ = {
			isa = XCBuildConfiguration;
			buildSettings = {
				ALWAYS_SEARCH_USER_PATHS = NO;
				CLANG_CXX_LANGUAGE_STANDARD = "gnu++0x";
				CLANG_CXX_LIBRARY = "libc++";
				CLANG_ENABLE_MODULES = YES;
				CLANG_ENABLE_OBJC_ARC = YES;
				CLANG_WARN_BOOL_CONVERSION = YES;
				CLANG_WARN_CONSTANT_CONVERSION = YES;
				CLANG_WARN_DIRECT_OBJC_ISA_USAGE = YES_ERROR;
				CLANG_WARN_EMPTY_BODY = YES;
				CLANG_WARN_ENUM_CONVERSION = YES;
				CLANG_WARN_INT_CONVERSION = YES;
				CLANG_WARN_OBJC_ROOT_CLASS = YES_ERROR;
				CLANG_WARN__DUPLICATE_METHOD_MATCH = YES;
				"CODE_SIGN_IDENTITY[sdk=iphoneos*]" = "iPhone Developer";
				COPY_PHASE_STRIP = NO;
				GCC_C_LANGUAGE_STANDARD = gnu99;
				GCC_DYNAMIC_NO_PIC = NO;
				GCC_OPTIMIZATION_LEVEL = 0;
				GCC_PREPROCESSOR_DEFINITIONS = (
					"DEBUG=1",
					"$(inherited)",
				);
				GCC_SYMBOLS_PRIVATE_EXTERN = NO;
				GCC_WARN_64_TO_32_BIT_CONVERSION = YES;
				GCC_WARN_ABOUT_RETURN_TYPE = YES_ERROR;
				GCC_WARN_UNDECLARED_SELECTOR = YES;
				GCC_WARN_UNINITIALIZED_AUTOS = YES_AGGRESSIVE;
				GCC_WARN_UNUSED_FUNCTION = YES;
				GCC_WARN_UNUSED_VARIABLE = YES;
				IPHONEOS_DEPLOYMENT_TARGET = 7.1;
				ONLY_ACTIVE_ARCH = YES;
				SDKROOT = iphoneos;
			};
			name = Debug;
		};
		D76859B91914BB9300ACCADA /* Release */ = {
			isa = XCBuildConfiguration;
			buildSettings = {
				ALWAYS_SEARCH_USER_PATHS = NO;
				CLANG_CXX_LANGUAGE_STANDARD = "gnu++0x";
				CLANG_CXX_LIBRARY = "libc++";
				CLANG_ENABLE_MODULES = YES;
				CLANG_ENABLE_OBJC_ARC = YES;
				CLANG_WARN_BOOL_CONVERSION = YES;
				CLANG_WARN_CONSTANT_CONVERSION = YES;
				CLANG_WARN_DIRECT_OBJC_ISA_USAGE = YES_ERROR;
				CLANG_WARN_EMPTY_BODY = YES;
				CLANG_WARN_ENUM_CONVERSION = YES;
				CLANG_WARN_INT_CONVERSION = YES;
				CLANG_WARN_OBJC_ROOT_CLASS = YES_ERROR;
				CLANG_WARN__DUPLICATE_METHOD_MATCH = YES;
				"CODE_SIGN_IDENTITY[sdk=iphoneos*]" = "iPhone Developer";
				COPY_PHASE_STRIP = YES;
				ENABLE_NS_ASSERTIONS = NO;
				GCC_C_LANGUAGE_STANDARD = gnu99;
				GCC_WARN_64_TO_32_BIT_CONVERSION = YES;
				GCC_WARN_ABOUT_RETURN_TYPE = YES_ERROR;
				GCC_WARN_UNDECLARED_SELECTOR = YES;
				GCC_WARN_UNINITIALIZED_AUTOS = YES_AGGRESSIVE;
				GCC_WARN_UNUSED_FUNCTION = YES;
				GCC_WARN_UNUSED_VARIABLE = YES;
				IPHONEOS_DEPLOYMENT_TARGET = 7.1;
				SDKROOT = iphoneos;
				VALIDATE_PRODUCT = YES;
			};
			name = Release;
		};
		D76859BB1914BB9300ACCADA /* Debug */ = {
			isa = XCBuildConfiguration;
			buildSettings = {
				ASSETCATALOG_COMPILER_APPICON_NAME = AppIcon;
				ASSETCATALOG_COMPILER_LAUNCHIMAGE_NAME = LaunchImage;
				GCC_PRECOMPILE_PREFIX_HEADER = YES;
				GCC_PREFIX_HEADER = "beacon/beacon-Prefix.pch";
				INFOPLIST_FILE = "beacon/beacon-Info.plist";
				PRODUCT_NAME = "$(TARGET_NAME)";
				PROVISIONING_PROFILE = "34C8D1CD-735F-4BCA-90DA-9F848FD24FFB";
				WRAPPER_EXTENSION = app;
			};
			name = Debug;
		};
		D76859BC1914BB9300ACCADA /* Release */ = {
			isa = XCBuildConfiguration;
			buildSettings = {
				ASSETCATALOG_COMPILER_APPICON_NAME = AppIcon;
				ASSETCATALOG_COMPILER_LAUNCHIMAGE_NAME = LaunchImage;
				GCC_PRECOMPILE_PREFIX_HEADER = YES;
				GCC_PREFIX_HEADER = "beacon/beacon-Prefix.pch";
				INFOPLIST_FILE = "beacon/beacon-Info.plist";
				PRODUCT_NAME = "$(TARGET_NAME)";
				PROVISIONING_PROFILE = "34C8D1CD-735F-4BCA-90DA-9F848FD24FFB";
				WRAPPER_EXTENSION = app;
			};
			name = Release;
		};
		D76859BE1914BB9300ACCADA /* Debug */ = {
			isa = XCBuildConfiguration;
			buildSettings = {
				BUNDLE_LOADER = "$(BUILT_PRODUCTS_DIR)/beacon.app/beacon";
				FRAMEWORK_SEARCH_PATHS = (
					"$(SDKROOT)/Developer/Library/Frameworks",
					"$(inherited)",
					"$(DEVELOPER_FRAMEWORKS_DIR)",
				);
				GCC_PRECOMPILE_PREFIX_HEADER = YES;
				GCC_PREFIX_HEADER = "beacon/beacon-Prefix.pch";
				GCC_PREPROCESSOR_DEFINITIONS = (
					"DEBUG=1",
					"$(inherited)",
				);
				INFOPLIST_FILE = "beaconTests/beaconTests-Info.plist";
				PRODUCT_NAME = "$(TARGET_NAME)";
				TEST_HOST = "$(BUNDLE_LOADER)";
				WRAPPER_EXTENSION = xctest;
			};
			name = Debug;
		};
		D76859BF1914BB9300ACCADA /* Release */ = {
			isa = XCBuildConfiguration;
			buildSettings = {
				BUNDLE_LOADER = "$(BUILT_PRODUCTS_DIR)/beacon.app/beacon";
				FRAMEWORK_SEARCH_PATHS = (
					"$(SDKROOT)/Developer/Library/Frameworks",
					"$(inherited)",
					"$(DEVELOPER_FRAMEWORKS_DIR)",
				);
				GCC_PRECOMPILE_PREFIX_HEADER = YES;
				GCC_PREFIX_HEADER = "beacon/beacon-Prefix.pch";
				INFOPLIST_FILE = "beaconTests/beaconTests-Info.plist";
				PRODUCT_NAME = "$(TARGET_NAME)";
				TEST_HOST = "$(BUNDLE_LOADER)";
				WRAPPER_EXTENSION = xctest;
			};
			name = Release;
		};
/* End XCBuildConfiguration section */

/* Begin XCConfigurationList section */
		D76859831914BB9300ACCADA /* Build configuration list for PBXProject "beacon" */ = {
			isa = XCConfigurationList;
			buildConfigurations = (
				D76859B81914BB9300ACCADA /* Debug */,
				D76859B91914BB9300ACCADA /* Release */,
			);
			defaultConfigurationIsVisible = 0;
			defaultConfigurationName = Release;
		};
		D76859BA1914BB9300ACCADA /* Build configuration list for PBXNativeTarget "beacon" */ = {
			isa = XCConfigurationList;
			buildConfigurations = (
				D76859BB1914BB9300ACCADA /* Debug */,
				D76859BC1914BB9300ACCADA /* Release */,
			);
			defaultConfigurationIsVisible = 0;
			defaultConfigurationName = Release;
		};
		D76859BD1914BB9300ACCADA /* Build configuration list for PBXNativeTarget "beaconTests" */ = {
			isa = XCConfigurationList;
			buildConfigurations = (
				D76859BE1914BB9300ACCADA /* Debug */,
				D76859BF1914BB9300ACCADA /* Release */,
			);
			defaultConfigurationIsVisible = 0;
			defaultConfigurationName = Release;
		};
/* End XCConfigurationList section */
	};
	rootObject = D76859801914BB9300ACCADA /* Project object */;
}
